
Microsoft Visual Studio Solution File, Format Version 12.00
# Visual Studio 15
VisualStudioVersion = 15.0.26430.6
MinimumVisualStudioVersion = 10.0.40219.1
Project("{FAE04EC0-301F-11D3-BF4B-00C04F79EFBC}") = "PeopleConsoleApplication", "..\..\..\..\Documents\Visual Studio 2017\Projects\PeopleConsoleApplication\PeopleConsoleApplication\PeopleConsoleApplication.csproj", "{AF0E611A-990C-4D54-AF5A-804E3EC63173}"
EndProject
Global
	GlobalSection(SolutionConfigurationPlatforms) = preSolution
		Debug|Any CPU = Debug|Any CPU
		Release|Any CPU = Release|Any CPU
	EndGlobalSection
	GlobalSection(ProjectConfigurationPlatforms) = postSolution
		{AF0E611A-990C-4D54-AF5A-804E3EC63173}.Debug|Any CPU.ActiveCfg = Debug|Any CPU
		{AF0E611A-990C-4D54-AF5A-804E3EC63173}.Debug|Any CPU.Build.0 = Debug|Any CPU
		{AF0E611A-990C-4D54-AF5A-804E3EC63173}.Release|Any CPU.ActiveCfg = Release|Any CPU
		{AF0E611A-990C-4D54-AF5A-804E3EC63173}.Release|Any CPU.Build.0 = Release|Any CPU
	EndGlobalSection
	GlobalSection(SolutionProperties) = preSolution
		HideSolutionNode = FALSE
	EndGlobalSection
EndGlobal
